dependencies:
- name: portal
  repository: https://eclipse-tractusx.github.io/charts/dev
  version: 2.3.0
- name: centralidp
  repository: https://eclipse-tractusx.github.io/charts/dev
  version: 4.0.1
- name: sharedidp
  repository: https://eclipse-tractusx.github.io/charts/dev
  version: 4.0.1
- name: discoveryfinder
  repository: https://eclipse-tractusx.github.io/charts/dev
  version: 0.3.1
- name: bpndiscovery
  repository: https://eclipse-tractusx.github.io/charts/dev
  version: 0.3.1
- name: sdfactory
  repository: https://eclipse-tractusx.github.io/charts/dev
  version: 2.1.22
- name: ssi-credential-issuer
  repository: https://eclipse-tractusx.github.io/charts/dev
  version: 1.2.0
- name: semantic-hub
  repository: https://eclipse-tractusx.github.io/charts/dev
  version: 0.3.1
- name: bpdm
  repository: https://eclipse-tractusx.github.io/charts/dev
  version: 5.2.0
- name: tx-data-provider
  repository: file://../tx-data-provider
  version: 0.1.4
- name: tx-data-provider
  repository: file://../tx-data-provider
  version: 0.1.4
- name: tx-data-provider
  repository: file://../tx-data-provider
  version: 0.1.4
- name: pgadmin4
  repository: https://helm.runix.net
  version: 1.25.3
- name: bdrs-server-memory
  repository: https://eclipse-tractusx.github.io/charts/dev
  version: 0.5.2
- name: ssi-dim-wallet-stub
  repository: https://eclipse-tractusx.github.io/charts/dev
  version: 0.1.8
digest: sha256:c443a01772440a4143c34de9f29a833c2408efb5a060ac21b52d651bf1949962
generated: "2025-03-05T14:21:27.3724477+01:00"
